
Microsoft Visual Studio Solution File, Format Version 12.00
# Visual Studio Version 17
VisualStudioVersion = 17.8.34330.188
MinimumVisualStudioVersion = 10.0.40219.1
Project("{9A19103F-16F7-4668-BE54-9A1E7A4F7556}") = "HospitalManagement", "HospitalManagement.csproj", "{3776EB5C-7516-4C77-B8B9-DEB1C0F7864D}"
EndProject
Global
	GlobalSection(SolutionConfigurationPlatforms) = preSolution
		Debug|Any CPU = Debug|Any CPU
		Release|Any CPU = Release|Any CPU
	EndGlobalSection
	GlobalSection(ProjectConfigurationPlatforms) = postSolution
		{3776EB5C-7516-4C77-B8B9-DEB1C0F7864D}.Debug|Any CPU.ActiveCfg = Debug|Any CPU
		{3776EB5C-7516-4C77-B8B9-DEB1C0F7864D}.Debug|Any CPU.Build.0 = Debug|Any CPU
		{3776EB5C-7516-4C77-B8B9-DEB1C0F7864D}.Release|Any CPU.ActiveCfg = Release|Any CPU
		{3776EB5C-7516-4C77-B8B9-DEB1C0F7864D}.Release|Any CPU.Build.0 = Release|Any CPU
	EndGlobalSection
	GlobalSection(SolutionProperties) = preSolution
		HideSolutionNode = FALSE
	EndGlobalSection
	GlobalSection(ExtensibilityGlobals) = postSolution
		SolutionGuid = {637D780B-A7E6-4403-B5E9-44DB766538D3}
	EndGlobalSection
EndGlobal
